Microsoft Visual Studio Solution File, Format Version 12.00
# Visual Studio Version 17
VisualStudioVersion = 17.5.2.0
MinimumVisualStudioVersion = 10.0.40219.1
Project("{FAE04EC0-301F-11D3-BF4B-00C04F79EFBC}") = "SI2Project", "SI2Project.csproj", "{A6187DB7-1239-1500-3115-3B4AB11EB931}"
EndProject
Global
	GlobalSection(SolutionConfigurationPlatforms) = preSolution
		Debug|Any CPU = Debug|Any CPU
		Release|Any CPU = Release|Any CPU
	EndGlobalSection
	GlobalSection(ProjectConfigurationPlatforms) = postSolution
		{A6187DB7-1239-1500-3115-3B4AB11EB931}.Debug|Any CPU.ActiveCfg = Debug|Any CPU
		{A6187DB7-1239-1500-3115-3B4AB11EB931}.Debug|Any CPU.Build.0 = Debug|Any CPU
		{A6187DB7-1239-1500-3115-3B4AB11EB931}.Release|Any CPU.ActiveCfg = Release|Any CPU
		{A6187DB7-1239-1500-3115-3B4AB11EB931}.Release|Any CPU.Build.0 = Release|Any CPU
	EndGlobalSection
	GlobalSection(SolutionProperties) = preSolution
		HideSolutionNode = FALSE
	EndGlobalSection
	GlobalSection(ExtensibilityGlobals) = postSolution
		SolutionGuid = {D6087BFC-6276-4BAA-A94A-39B000EB15FF}
	EndGlobalSection
EndGlobal
